
Microsoft Visual Studio Solution File, Format Version 12.00
# Visual Studio Version 17
VisualStudioVersion = 17.5.33627.172
MinimumVisualStudioVersion = 10.0.40219.1
Project("{FAE04EC0-301F-11D3-BF4B-00C04F79EFBC}") = "ChatClient", "ChatClient\ChatClient.csproj", "{7303DEC4-2425-4F50-929D-9F919768E168}"
EndProject
Project("{2150E333-8FDC-42A3-9474-1A3956D46DE8}") = "솔루션 항목", "솔루션 항목", "{5E2C4438-6CCF-490D-9197-4D85B7818383}"
EndProject
Global
	GlobalSection(SolutionConfigurationPlatforms) = preSolution
		Debug|Any CPU = Debug|Any CPU
		Release|Any CPU = Release|Any CPU
	EndGlobalSection
	GlobalSection(ProjectConfigurationPlatforms) = postSolution
		{7303DEC4-2425-4F50-929D-9F919768E168}.Debug|Any CPU.ActiveCfg = Debug|Any CPU
		{7303DEC4-2425-4F50-929D-9F919768E168}.Debug|Any CPU.Build.0 = Debug|Any CPU
		{7303DEC4-2425-4F50-929D-9F919768E168}.Release|Any CPU.ActiveCfg = Release|Any CPU
		{7303DEC4-2425-4F50-929D-9F919768E168}.Release|Any CPU.Build.0 = Release|Any CPU
	EndGlobalSection
	GlobalSection(SolutionProperties) = preSolution
		HideSolutionNode = FALSE
	EndGlobalSection
	GlobalSection(ExtensibilityGlobals) = postSolution
		SolutionGuid = {56E200EA-F049-4C37-BC7C-9005D11B5243}
	EndGlobalSection
EndGlobal
